
Microsoft Visual Studio Solution File, Format Version 12.00
# Visual Studio Version 17
VisualStudioVersion = 17.5.33414.496
MinimumVisualStudioVersion = 10.0.40219.1
Project("{9A19103F-16F7-4668-BE54-9A1E7A4F7556}") = "Property_WepAPI", "Property_WepAPI\Property_WepAPI.csproj", "{44EFBF54-9F4E-4680-B8CB-1C49504732CA}"
EndProject
Project("{9A19103F-16F7-4668-BE54-9A1E7A4F7556}") = "Property_Wep", "Property_Wep\Property_Wep.csproj", "{6E5DC41A-20A3-4A4C-B1FC-BD05D29CBB3C}"
EndProject
Project("{9A19103F-16F7-4668-BE54-9A1E7A4F7556}") = "Property_Utility", "Property_Utility\Property_Utility.csproj", "{88CDE103-2849-4395-B43B-B0E1B882B3A5}"
EndProject
Global
	GlobalSection(SolutionConfigurationPlatforms) = preSolution
		Debug|Any CPU = Debug|Any CPU
		Release|Any CPU = Release|Any CPU
	EndGlobalSection
	GlobalSection(ProjectConfigurationPlatforms) = postSolution
		{44EFBF54-9F4E-4680-B8CB-1C49504732CA}.Debug|Any CPU.ActiveCfg = Debug|Any CPU
		{44EFBF54-9F4E-4680-B8CB-1C49504732CA}.Debug|Any CPU.Build.0 = Debug|Any CPU
		{44EFBF54-9F4E-4680-B8CB-1C49504732CA}.Release|Any CPU.ActiveCfg = Release|Any CPU
		{44EFBF54-9F4E-4680-B8CB-1C49504732CA}.Release|Any CPU.Build.0 = Release|Any CPU
		{6E5DC41A-20A3-4A4C-B1FC-BD05D29CBB3C}.Debug|Any CPU.ActiveCfg = Debug|Any CPU
		{6E5DC41A-20A3-4A4C-B1FC-BD05D29CBB3C}.Debug|Any CPU.Build.0 = Debug|Any CPU
		{6E5DC41A-20A3-4A4C-B1FC-BD05D29CBB3C}.Release|Any CPU.ActiveCfg = Release|Any CPU
		{6E5DC41A-20A3-4A4C-B1FC-BD05D29CBB3C}.Release|Any CPU.Build.0 = Release|Any CPU
		{88CDE103-2849-4395-B43B-B0E1B882B3A5}.Debug|Any CPU.ActiveCfg = Debug|Any CPU
		{88CDE103-2849-4395-B43B-B0E1B882B3A5}.Debug|Any CPU.Build.0 = Debug|Any CPU
		{88CDE103-2849-4395-B43B-B0E1B882B3A5}.Release|Any CPU.ActiveCfg = Release|Any CPU
		{88CDE103-2849-4395-B43B-B0E1B882B3A5}.Release|Any CPU.Build.0 = Release|Any CPU
	EndGlobalSection
	GlobalSection(SolutionProperties) = preSolution
		HideSolutionNode = FALSE
	EndGlobalSection
	GlobalSection(ExtensibilityGlobals) = postSolution
		SolutionGuid = {6A43B141-606F-4595-82D8-56D2A23F56C1}
	EndGlobalSection
EndGlobal
